// !$*UTF8*$!
{
	archiveVersion = 1;
	classes = {
	};
	objectVersion = 46;
	objects = {

/* Begin PBXBuildFile section */
		E27703301C283FFD0089F965 /* Assets.xcassets in Resources */ = {isa = PBXBuildFile; fileRef = E277032F1C283FFD0089F965 /* Assets.xcassets */; };
		E2B7D09D1C28EAD500003B07 /* TableViewController.swift in Sources */ = {isa = PBXBuildFile; fileRef = E2B7D09C1C28EAD500003B07 /* TableViewController.swift */; };
		E2B7D09F1C28EB3600003B07 /* cellClass.swift in Sources */ = {isa = PBXBuildFile; fileRef = E2B7D09E1C28EB3600003B07 /* cellClass.swift */; };
		E2B895E51C277EB7000F1445 /* AppDelegate.swift in Sources */ = {isa = PBXBuildFile; fileRef = E2B895E41C277EB7000F1445 /* AppDelegate.swift */; };
		E2B895E71C277EB7000F1445 /* ViewController.swift in Sources */ = {isa = PBXBuildFile; fileRef = E2B895E61C277EB7000F1445 /* ViewController.swift */; };
		E2B895EA1C277EB7000F1445 /* Main.storyboard in Resources */ = {isa = PBXBuildFile; fileRef = E2B895E81C277EB7000F1445 /* Main.storyboard */; };
		E2B895EF1C277EB8000F1445 /* LaunchScreen.storyboard in Resources */ = {isa = PBXBuildFile; fileRef = E2B895ED1C277EB8000F1445 /* LaunchScreen.storyboard */; };
		E2B895F71C277EF0000F1445 /* calcConvert.swift in Sources */ = {isa = PBXBuildFile; fileRef = E2B895F61C277EF0000F1445 /* calcConvert.swift */; };
/* End PBXBuildFile section */

/* Begin PBXFileReference section */
		E277032F1C283FFD0089F965 /* Assets.xcassets */ = {isa = PBXFileReference; lastKnownFileType = folder.assetcatalog; path = Assets.xcassets; sourceTree = "<group>"; };
		E2B7D09C1C28EAD500003B07 /* TableViewController.swift */ = {isa = PBXFileReference; fileEncoding = 4; lastKnownFileType = sourcecode.swift; path = TableViewController.swift; sourceTree = "<group>"; };
		E2B7D09E1C28EB3600003B07 /* cellClass.swift */ = {isa = PBXFileReference; fileEncoding = 4; lastKnownFileType = sourcecode.swift; path = cellClass.swift; sourceTree = "<group>"; };
		E2B895E11C277EB7000F1445 /* calcConvert2.app */ = {isa = PBXFileReference; explicitFileType = wrapper.application; includeInIndex = 0; path = calcConvert2.app; sourceTree = BUILT_PRODUCTS_DIR; };
		E2B895E41C277EB7000F1445 /* AppDelegate.swift */ = {isa = PBXFileReference; lastKnownFileType = sourcecode.swift; path = AppDelegate.swift; sourceTree = "<group>"; };
		E2B895E61C277EB7000F1445 /* ViewController.swift */ = {isa = PBXFileReference; lastKnownFileType = sourcecode.swift; path = ViewController.swift; sourceTree = "<group>"; };
		E2B895E91C277EB7000F1445 /* Base */ = {isa = PBXFileReference; lastKnownFileType = file.storyboard; name = Base; path = Base.lproj/Main.storyboard; sourceTree = "<group>"; };
		E2B895EE1C277EB8000F1445 /* Base */ = {isa = PBXFileReference; lastKnownFileType = file.storyboard; name = Base; path = Base.lproj/LaunchScreen.storyboard; sourceTree = "<group>"; };
		E2B895F01C277EB8000F1445 /* Info.plist */ = {isa = PBXFileReference; lastKnownFileType = text.plist.xml; path = Info.plist; sourceTree = "<group>"; };
		E2B895F61C277EF0000F1445 /* calcConvert.swift */ = {isa = PBXFileReference; fileEncoding = 4; lastKnownFileType = sourcecode.swift; path = calcConvert.swift; sourceTree = "<group>"; };
/* End PBXFileReference section */

/* Begin PBXFrameworksBuildPhase section */
		E2B895DE1C277EB7000F1445 /* Frameworks */ = {
			isa = PBXFrameworksBuildPhase;
			buildActionMask = 2147483647;
			files = (
			);
			runOnlyForDeploymentPostprocessing = 0;
		};
/* End PBXFrameworksBuildPhase section */

/* Begin PBXGroup section */
		E2B895D81C277EB7000F1445 = {
			isa = PBXGroup;
			children = (
				E2B895E31C277EB7000F1445 /* calcConvert2 */,
				E2B895E21C277EB7000F1445 /* Products */,
			);
			sourceTree = "<group>";
		};
		E2B895E21C277EB7000F1445 /* Products */ = {
			isa = PBXGroup;
			children = (
				E2B895E11C277EB7000F1445 /* calcConvert2.app */,
			);
			name = Products;
			sourceTree = "<group>";
		};
		E2B895E31C277EB7000F1445 /* calcConvert2 */ = {
			isa = PBXGroup;
			children = (
				E2B895E41C277EB7000F1445 /* AppDelegate.swift */,
				E2B895E61C277EB7000F1445 /* ViewController.swift */,
				E2B895E81C277EB7000F1445 /* Main.storyboard */,
				E2B895F61C277EF0000F1445 /* calcConvert.swift */,
				E2B895ED1C277EB8000F1445 /* LaunchScreen.storyboard */,
				E2B895F01C277EB8000F1445 /* Info.plist */,
				E277032F1C283FFD0089F965 /* Assets.xcassets */,
				E2B7D09C1C28EAD500003B07 /* TableViewController.swift */,
				E2B7D09E1C28EB3600003B07 /* cellClass.swift */,
			);
			path = calcConvert2;
			sourceTree = "<group>";
		};
/* End PBXGroup section */

/* Begin PBXNativeTarget section */
		E2B895E01C277EB7000F1445 /* calcConvert2 */ = {
			isa = PBXNativeTarget;
			buildConfigurationList = E2B895F31C277EB8000F1445 /* Build configuration list for PBXNativeTarget "calcConvert2" */;
			buildPhases = (
				E2B895DD1C277EB7000F1445 /* Sources */,
				E2B895DE1C277EB7000F1445 /* Frameworks */,
				E2B895DF1C277EB7000F1445 /* Resources */,
			);
			buildRules = (
			);
			dependencies = (
			);
			name = calcConvert2;
			productName = calcConvert2;
			productReference = E2B895E11C277EB7000F1445 /* calcConvert2.app */;
			productType = "com.apple.product-type.application";
		};
/* End PBXNativeTarget section */

/* Begin PBXProject section */
		E2B895D91C277EB7000F1445 /* Project object */ = {
			isa = PBXProject;
			attributes = {
				LastSwiftUpdateCheck = 0720;
				LastUpgradeCheck = 0720;
				ORGANIZATIONNAME = unLock.com.tw;
				TargetAttributes = {
					E2B895E01C277EB7000F1445 = {
						CreatedOnToolsVersion = 7.2;
						DevelopmentTeam = QQP5F43Z2T;
					};
				};
			};
			buildConfigurationList = E2B895DC1C277EB7000F1445 /* Build configuration list for PBXProject "calcConvert2" */;
			compatibilityVersion = "Xcode 3.2";
			developmentRegion = English;
			hasScannedForEncodings = 0;
			knownRegions = (
				en,
				Base,
			);
			mainGroup = E2B895D81C277EB7000F1445;
			productRefGroup = E2B895E21C277EB7000F1445 /* Products */;
			projectDirPath = "";
			projectRoot = "";
			targets = (
				E2B895E01C277EB7000F1445 /* calcConvert2 */,
			);
		};
/* End PBXProject section */

/* Begin PBXResourcesBuildPhase section */
		E2B895DF1C277EB7000F1445 /* Resources */ = {
			isa = PBXResourcesBuildPhase;
			buildActionMask = 2147483647;
			files = (
				E2B895EF1C277EB8000F1445 /* LaunchScreen.storyboard in Resources */,
				E27703301C283FFD0089F965 /* Assets.xcassets in Resources */,
				E2B895EA1C277EB7000F1445 /* Main.storyboard in Resources */,
			);
			runOnlyForDeploymentPostprocessing = 0;
		};
/* End PBXResourcesBuildPhase section */

/* Begin PBXSourcesBuildPhase section */
		E2B895DD1C277EB7000F1445 /* Sources */ = {
			isa = PBXSourcesBuildPhase;
			buildActionMask = 2147483647;
			files = (
				E2B7D09F1C28EB3600003B07 /* cellClass.swift in Sources */,
				E2B895E71C277EB7000F1445 /* ViewController.swift in Sources */,
				E2B895F71C277EF0000F1445 /* calcConvert.swift in Sources */,
				E2B895E51C277EB7000F1445 /* AppDelegate.swift in Sources */,
				E2B7D09D1C28EAD500003B07 /* TableViewController.swift in Sources */,
			);
			runOnlyForDeploymentPostprocessing = 0;
		};
/* End PBXSourcesBuildPhase section */

/* Begin PBXVariantGroup section */
		E2B895E81C277EB7000F1445 /* Main.storyboard */ = {
			isa = PBXVariantGroup;
			children = (
				E2B895E91C277EB7000F1445 /* Base */,
			);
			name = Main.storyboard;
			sourceTree = "<group>";
		};
		E2B895ED1C277EB8000F1445 /* LaunchScreen.storyboard */ = {
			isa = PBXVariantGroup;
			children = (
				E2B895EE1C277EB8000F1445 /* Base */,
			);
			name = LaunchScreen.storyboard;
			sourceTree = "<group>";
		};
/* End PBXVariantGroup section */

/* Begin XCBuildConfiguration section */
		E2B895F11C277EB8000F1445 /* Debug */ = {
			isa = XCBuildConfiguration;
			buildSettings = {
				ALWAYS_SEARCH_USER_PATHS = NO;
				CLANG_CXX_LANGUAGE_STANDARD = "gnu++0x";
				CLANG_CXX_LIBRARY = "libc++";
				CLANG_ENABLE_MODULES = YES;
				CLANG_ENABLE_OBJC_ARC = YES;
				CLANG_WARN_BOOL_CONVERSION = YES;
				CLANG_WARN_CONSTANT_CONVERSION = YES;
				CLANG_WARN_DIRECT_OBJC_ISA_USAGE = YES_ERROR;
				CLANG_WARN_EMPTY_BODY = YES;
				CLANG_WARN_ENUM_CONVERSION = YES;
				CLANG_WARN_INT_CONVERSION = YES;
				CLANG_WARN_OBJC_ROOT_CLASS = YES_ERROR;
				CLANG_WARN_UNREACHABLE_CODE = YES;
				CLANG_WARN__DUPLICATE_METHOD_MATCH = YES;
				"CODE_SIGN_IDENTITY[sdk=iphoneos*]" = "iPhone Developer";
				COPY_PHASE_STRIP = NO;
				DEBUG_INFORMATION_FORMAT = dwarf;
				ENABLE_STRICT_OBJC_MSGSEND = YES;
				ENABLE_TESTABILITY = YES;
				GCC_C_LANGUAGE_STANDARD = gnu99;
				GCC_DYNAMIC_NO_PIC = NO;
				GCC_NO_COMMON_BLOCKS = YES;
				GCC_OPTIMIZATION_LEVEL = 0;
				GCC_PREPROCESSOR_DEFINITIONS = (
					"DEBUG=1",
					"$(inherited)",
				);
				GCC_WARN_64_TO_32_BIT_CONVERSION = YES;
				GCC_WARN_ABOUT_RETURN_TYPE = YES_ERROR;
				GCC_WARN_UNDECLARED_SELECTOR = YES;
				GCC_WARN_UNINITIALIZED_AUTOS = YES_AGGRESSIVE;
				GCC_WARN_UNUSED_FUNCTION = YES;
				GCC_WARN_UNUSED_VARIABLE = YES;
				IPHONEOS_DEPLOYMENT_TARGET = 9.2;
				MTL_ENABLE_DEBUG_INFO = YES;
				ONLY_ACTIVE_ARCH = YES;
				SDKROOT = iphoneos;
				SWIFT_OPTIMIZATION_LEVEL = "-Onone";
				TARGETED_DEVICE_FAMILY = "1,2";
			};
			name = Debug;
		};
		E2B895F21C277EB8000F1445 /* Release */ = {
			isa = XCBuildConfiguration;
			buildSettings = {
				ALWAYS_SEARCH_USER_PATHS = NO;
				CLANG_CXX_LANGUAGE_STANDARD = "gnu++0x";
				CLANG_CXX_LIBRARY = "libc++";
				CLANG_ENABLE_MODULES = YES;
				CLANG_ENABLE_OBJC_ARC = YES;
				CLANG_WARN_BOOL_CONVERSION = YES;
				CLANG_WARN_CONSTANT_CONVERSION = YES;
				CLANG_WARN_DIRECT_OBJC_ISA_USAGE = YES_ERROR;
				CLANG_WARN_EMPTY_BODY = YES;
				CLANG_WARN_ENUM_CONVERSION = YES;
				CLANG_WARN_INT_CONVERSION = YES;
				CLANG_WARN_OBJC_ROOT_CLASS = YES_ERROR;
				CLANG_WARN_UNREACHABLE_CODE = YES;
				CLANG_WARN__DUPLICATE_METHOD_MATCH = YES;
				"CODE_SIGN_IDENTITY[sdk=iphoneos*]" = "iPhone Developer";
				COPY_PHASE_STRIP = NO;
				DEBUG_INFORMATION_FORMAT = "dwarf-with-dsym";
				ENABLE_NS_ASSERTIONS = NO;
				ENABLE_STRICT_OBJC_MSGSEND = YES;
				GCC_C_LANGUAGE_STANDARD = gnu99;
				GCC_NO_COMMON_BLOCKS = YES;
				GCC_WARN_64_TO_32_BIT_CONVERSION = YES;
				GCC_WARN_ABOUT_RETURN_TYPE = YES_ERROR;
				GCC_WARN_UNDECLARED_SELECTOR = YES;
				GCC_WARN_UNINITIALIZED_AUTOS = YES_AGGRESSIVE;
				GCC_WARN_UNUSED_FUNCTION = YES;
				GCC_WARN_UNUSED_VARIABLE = YES;
				IPHONEOS_DEPLOYMENT_TARGET = 9.2;
				MTL_ENABLE_DEBUG_INFO = NO;
				SDKROOT = iphoneos;
				TARGETED_DEVICE_FAMILY = "1,2";
				VALIDATE_PRODUCT = YES;
			};
			name = Release;
		};
		E2B895F41C277EB8000F1445 /* Debug */ = {
			isa = XCBuildConfiguration;
			buildSettings = {
				ASSETCATALOG_COMPILER_APPICON_NAME = AppIcon;
				CODE_SIGN_IDENTITY = "iPhone Developer";
				INFOPLIST_FILE = calcConvert2/Info.plist;
				IPHONEOS_DEPLOYMENT_TARGET = 8.0;
				LD_RUNPATH_SEARCH_PATHS = "$(inherited) @executable_path/Frameworks";
				PRODUCT_BUNDLE_IDENTIFIER = tw.com.unlock.calcConvert2;
				PRODUCT_NAME = "$(TARGET_NAME)";
				TARGETED_DEVICE_FAMILY = 1;
			};
			name = Debug;
		};
		E2B895F51C277EB8000F1445 /* Release */ = {
			isa = XCBuildConfiguration;
			buildSettings = {
				ASSETCATALOG_COMPILER_APPICON_NAME = AppIcon;
				CODE_SIGN_IDENTITY = "iPhone Developer";
				INFOPLIST_FILE = calcConvert2/Info.plist;
				IPHONEOS_DEPLOYMENT_TARGET = 8.0;
				LD_RUNPATH_SEARCH_PATHS = "$(inherited) @executable_path/Frameworks";
				PRODUCT_BUNDLE_IDENTIFIER = tw.com.unlock.calcConvert2;
				PRODUCT_NAME = "$(TARGET_NAME)";
				TARGETED_DEVICE_FAMILY = 1;
			};
			name = Release;
		};
/* End XCBuildConfiguration section */

/* Begin XCConfigurationList section */
		E2B895DC1C277EB7000F1445 /* Build configuration list for PBXProject "calcConvert2" */ = {
			isa = XCConfigurationList;
			buildConfigurations = (
				E2B895F11C277EB8000F1445 /* Debug */,
				E2B895F21C277EB8000F1445 /* Release */,
			);
			defaultConfigurationIsVisible = 0;
			defaultConfigurationName = Release;
		};
		E2B895F31C277EB8000F1445 /* Build configuration list for PBXNativeTarget "calcConvert2" */ = {
			isa = XCConfigurationList;
			buildConfigurations = (
				E2B895F41C277EB8000F1445 /* Debug */,
				E2B895F51C277EB8000F1445 /* Release */,
			);
			defaultConfigurationIsVisible = 0;
			defaultConfigurationName = Release;
		};
/* End XCConfigurationList section */
	};
	rootObject = E2B895D91C277EB7000F1445 /* Project object */;
}
